
Microsoft Visual Studio Solution File, Format Version 12.00
# Visual Studio Version 17
VisualStudioVersion = 17.6.33829.357
MinimumVisualStudioVersion = 10.0.40219.1
Project("{FAE04EC0-301F-11D3-BF4B-00C04F79EFBC}") = "O(1)-Sum-Of_The-Sequence", "O(1)-Sum-Of_The-Sequence\O(1)-Sum-Of_The-Sequence.csproj", "{886092F1-C68E-48CF-8CB0-B717B45C9275}"
EndProject
Global
	GlobalSection(SolutionConfigurationPlatforms) = preSolution
		Debug|Any CPU = Debug|Any CPU
		Release|Any CPU = Release|Any CPU
	EndGlobalSection
	GlobalSection(ProjectConfigurationPlatforms) = postSolution
		{886092F1-C68E-48CF-8CB0-B717B45C9275}.Debug|Any CPU.ActiveCfg = Debug|Any CPU
		{886092F1-C68E-48CF-8CB0-B717B45C9275}.Debug|Any CPU.Build.0 = Debug|Any CPU
		{886092F1-C68E-48CF-8CB0-B717B45C9275}.Release|Any CPU.ActiveCfg = Release|Any CPU
		{886092F1-C68E-48CF-8CB0-B717B45C9275}.Release|Any CPU.Build.0 = Release|Any CPU
	EndGlobalSection
	GlobalSection(SolutionProperties) = preSolution
		HideSolutionNode = FALSE
	EndGlobalSection
	GlobalSection(ExtensibilityGlobals) = postSolution
		SolutionGuid = {522E9403-921F-4F01-A8EC-21E281D9E1B0}
	EndGlobalSection
EndGlobal
